// !$*UTF8*$!
{
	archiveVersion = 1;
	classes = {
	};
	objectVersion = 55;
	objects = {

/* Begin PBXBuildFile section */
		800FE8B42722D36B00A73E42 /* Alarms+CoreDataClass.swift in Sources */ = {isa = PBXBuildFile; fileRef = 800FE8AE2722D36B00A73E42 /* Alarms+CoreDataClass.swift */; };
		800FE8B52722D36B00A73E42 /* Alarms+CoreDataProperties.swift in Sources */ = {isa = PBXBuildFile; fileRef = 800FE8AF2722D36B00A73E42 /* Alarms+CoreDataProperties.swift */; };
		800FE8B62722D36B00A73E42 /* Events+CoreDataClass.swift in Sources */ = {isa = PBXBuildFile; fileRef = 800FE8B02722D36B00A73E42 /* Events+CoreDataClass.swift */; };
		800FE8B72722D36B00A73E42 /* Events+CoreDataProperties.swift in Sources */ = {isa = PBXBuildFile; fileRef = 800FE8B12722D36B00A73E42 /* Events+CoreDataProperties.swift */; };
		800FE8B82722D36B00A73E42 /* Reminders+CoreDataClass.swift in Sources */ = {isa = PBXBuildFile; fileRef = 800FE8B22722D36B00A73E42 /* Reminders+CoreDataClass.swift */; };
		800FE8B92722D36B00A73E42 /* Reminders+CoreDataProperties.swift in Sources */ = {isa = PBXBuildFile; fileRef = 800FE8B32722D36B00A73E42 /* Reminders+CoreDataProperties.swift */; };
		800FE8BC2722E5F700A73E42 /* AlarmViewModel.swift in Sources */ = {isa = PBXBuildFile; fileRef = 800FE8BB2722E5F700A73E42 /* AlarmViewModel.swift */; };
		800FE8C02722F35800A73E42 /* RemindersViewModel.swift in Sources */ = {isa = PBXBuildFile; fileRef = 800FE8BF2722F35800A73E42 /* RemindersViewModel.swift */; };
		80B8D6CE27219A8B00902D93 /* AppDelegate.swift in Sources */ = {isa = PBXBuildFile; fileRef = 80B8D6CD27219A8B00902D93 /* AppDelegate.swift */; };
		80B8D6D027219A8B00902D93 /* SceneDelegate.swift in Sources */ = {isa = PBXBuildFile; fileRef = 80B8D6CF27219A8B00902D93 /* SceneDelegate.swift */; };
		80B8D6D527219A8B00902D93 /* Main.storyboard in Resources */ = {isa = PBXBuildFile; fileRef = 80B8D6D327219A8B00902D93 /* Main.storyboard */; };
		80B8D6D827219A8B00902D93 /* OfflineStorage.xcdatamodeld in Sources */ = {isa = PBXBuildFile; fileRef = 80B8D6D627219A8B00902D93 /* OfflineStorage.xcdatamodeld */; };
		80B8D6DA27219A8C00902D93 /* Assets.xcassets in Resources */ = {isa = PBXBuildFile; fileRef = 80B8D6D927219A8C00902D93 /* Assets.xcassets */; };
		80B8D6DD27219A8C00902D93 /* LaunchScreen.storyboard in Resources */ = {isa = PBXBuildFile; fileRef = 80B8D6DB27219A8C00902D93 /* LaunchScreen.storyboard */; };
		80B8D6E827219A8C00902D93 /* OfflineStorageTests.swift in Sources */ = {isa = PBXBuildFile; fileRef = 80B8D6E727219A8C00902D93 /* OfflineStorageTests.swift */; };
		80B8D6F227219A8C00902D93 /* OfflineStorageUITests.swift in Sources */ = {isa = PBXBuildFile; fileRef = 80B8D6F127219A8C00902D93 /* OfflineStorageUITests.swift */; };
		80B8D6F427219A8C00902D93 /* OfflineStorageUITestsLaunchTests.swift in Sources */ = {isa = PBXBuildFile; fileRef = 80B8D6F327219A8C00902D93 /* OfflineStorageUITestsLaunchTests.swift */; };
		80B8D70527219B4000902D93 /* ReminderViewController.swift in Sources */ = {isa = PBXBuildFile; fileRef = 80B8D70427219B4000902D93 /* ReminderViewController.swift */; };
		80B8D70727219B4700902D93 /* AlarmsViewController.swift in Sources */ = {isa = PBXBuildFile; fileRef = 80B8D70627219B4700902D93 /* AlarmsViewController.swift */; };
		80B8D70927219B4E00902D93 /* EventsViewController.swift in Sources */ = {isa = PBXBuildFile; fileRef = 80B8D70827219B4E00902D93 /* EventsViewController.swift */; };
		80B8D7162721A3D300902D93 /* AlarmTableViewCell.swift in Sources */ = {isa = PBXBuildFile; fileRef = 80B8D7142721A3D300902D93 /* AlarmTableViewCell.swift */; };
		80B8D7172721A3D300902D93 /* AlarmTableViewCell.xib in Resources */ = {isa = PBXBuildFile; fileRef = 80B8D7152721A3D300902D93 /* AlarmTableViewCell.xib */; };
		80B8D71B2721AEDB00902D93 /* AddButton.swift in Sources */ = {isa = PBXBuildFile; fileRef = 80B8D71A2721AEDB00902D93 /* AddButton.swift */; };
		80B8D71D2721B3B500902D93 /* AddAlarmViewController.swift in Sources */ = {isa = PBXBuildFile; fileRef = 80B8D71C2721B3B500902D93 /* AddAlarmViewController.swift */; };
		80B8D7212721B71E00902D93 /* ReminderTableViewCell.swift in Sources */ = {isa = PBXBuildFile; fileRef = 80B8D71F2721B71E00902D93 /* ReminderTableViewCell.swift */; };
		80B8D7222721B71E00902D93 /* ReminderTableViewCell.xib in Resources */ = {isa = PBXBuildFile; fileRef = 80B8D7202721B71E00902D93 /* ReminderTableViewCell.xib */; };
		80B8D7252721BC7100902D93 /* AppEnums.swift in Sources */ = {isa = PBXBuildFile; fileRef = 80B8D7242721BC7100902D93 /* AppEnums.swift */; };
		80B8D7292721D80A00902D93 /* EventsTableViewCell.swift in Sources */ = {isa = PBXBuildFile; fileRef = 80B8D7272721D80A00902D93 /* EventsTableViewCell.swift */; };
		80B8D72A2721D80A00902D93 /* EventsTableViewCell.xib in Resources */ = {isa = PBXBuildFile; fileRef = 80B8D7282721D80A00902D93 /* EventsTableViewCell.xib */; };
/* End PBXBuildFile section */

/* Begin PBXContainerItemProxy section */
		80B8D6E427219A8C00902D93 /* PBXContainerItemProxy */ = {
			isa = PBXContainerItemProxy;
			containerPortal = 80B8D6C227219A8B00902D93 /* Project object */;
			proxyType = 1;
			remoteGlobalIDString = 80B8D6C927219A8B00902D93;
			remoteInfo = OfflineStorage;
		};
		80B8D6EE27219A8C00902D93 /* PBXContainerItemProxy */ = {
			isa = PBXContainerItemProxy;
			containerPortal = 80B8D6C227219A8B00902D93 /* Project object */;
			proxyType = 1;
			remoteGlobalIDString = 80B8D6C927219A8B00902D93;
			remoteInfo = OfflineStorage;
		};
/* End PBXContainerItemProxy section */

/* Begin PBXFileReference section */
		800FE8AE2722D36B00A73E42 /* Alarms+CoreDataClass.swift */ = {isa = PBXFileReference; lastKnownFileType = sourcecode.swift; path = "Alarms+CoreDataClass.swift"; sourceTree = "<group>"; };
		800FE8AF2722D36B00A73E42 /* Alarms+CoreDataProperties.swift */ = {isa = PBXFileReference; lastKnownFileType = sourcecode.swift; path = "Alarms+CoreDataProperties.swift"; sourceTree = "<group>"; };
		800FE8B02722D36B00A73E42 /* Events+CoreDataClass.swift */ = {isa = PBXFileReference; lastKnownFileType = sourcecode.swift; path = "Events+CoreDataClass.swift"; sourceTree = "<group>"; };
		800FE8B12722D36B00A73E42 /* Events+CoreDataProperties.swift */ = {isa = PBXFileReference; lastKnownFileType = sourcecode.swift; path = "Events+CoreDataProperties.swift"; sourceTree = "<group>"; };
		800FE8B22722D36B00A73E42 /* Reminders+CoreDataClass.swift */ = {isa = PBXFileReference; lastKnownFileType = sourcecode.swift; path = "Reminders+CoreDataClass.swift"; sourceTree = "<group>"; };
		800FE8B32722D36B00A73E42 /* Reminders+CoreDataProperties.swift */ = {isa = PBXFileReference; lastKnownFileType = sourcecode.swift; path = "Reminders+CoreDataProperties.swift"; sourceTree = "<group>"; };
		800FE8BB2722E5F700A73E42 /* AlarmViewModel.swift */ = {isa = PBXFileReference; lastKnownFileType = sourcecode.swift; path = AlarmViewModel.swift; sourceTree = "<group>"; };
		800FE8BF2722F35800A73E42 /* RemindersViewModel.swift */ = {isa = PBXFileReference; lastKnownFileType = sourcecode.swift; path = RemindersViewModel.swift; sourceTree = "<group>"; };
		80B8D6CA27219A8B00902D93 /* OfflineStorage.app */ = {isa = PBXFileReference; explicitFileType = wrapper.application; includeInIndex = 0; path = OfflineStorage.app; sourceTree = BUILT_PRODUCTS_DIR; };
		80B8D6CD27219A8B00902D93 /* AppDelegate.swift */ = {isa = PBXFileReference; lastKnownFileType = sourcecode.swift; path = AppDelegate.swift; sourceTree = "<group>"; };
		80B8D6CF27219A8B00902D93 /* SceneDelegate.swift */ = {isa = PBXFileReference; lastKnownFileType = sourcecode.swift; path = SceneDelegate.swift; sourceTree = "<group>"; };
		80B8D6D427219A8B00902D93 /* Base */ = {isa = PBXFileReference; lastKnownFileType = file.storyboard; name = Base; path = Base.lproj/Main.storyboard; sourceTree = "<group>"; };
		80B8D6D727219A8B00902D93 /* OfflineStorage.xcdatamodel */ = {isa = PBXFileReference; lastKnownFileType = wrapper.xcdatamodel; path = OfflineStorage.xcdatamodel; sourceTree = "<group>"; };
		80B8D6D927219A8C00902D93 /* Assets.xcassets */ = {isa = PBXFileReference; lastKnownFileType = folder.assetcatalog; path = Assets.xcassets; sourceTree = "<group>"; };
		80B8D6DC27219A8C00902D93 /* Base */ = {isa = PBXFileReference; lastKnownFileType = file.storyboard; name = Base; path = Base.lproj/LaunchScreen.storyboard; sourceTree = "<group>"; };
		80B8D6DE27219A8C00902D93 /* Info.plist */ = {isa = PBXFileReference; lastKnownFileType = text.plist.xml; path = Info.plist; sourceTree = "<group>"; };
		80B8D6E327219A8C00902D93 /* OfflineStorageTests.xctest */ = {isa = PBXFileReference; explicitFileType = wrapper.cfbundle; includeInIndex = 0; path = OfflineStorageTests.xctest; sourceTree = BUILT_PRODUCTS_DIR; };
		80B8D6E727219A8C00902D93 /* OfflineStorageTests.swift */ = {isa = PBXFileReference; lastKnownFileType = sourcecode.swift; path = OfflineStorageTests.swift; sourceTree = "<group>"; };
		80B8D6ED27219A8C00902D93 /* OfflineStorageUITests.xctest */ = {isa = PBXFileReference; explicitFileType = wrapper.cfbundle; includeInIndex = 0; path = OfflineStorageUITests.xctest; sourceTree = BUILT_PRODUCTS_DIR; };
		80B8D6F127219A8C00902D93 /* OfflineStorageUITests.swift */ = {isa = PBXFileReference; lastKnownFileType = sourcecode.swift; path = OfflineStorageUITests.swift; sourceTree = "<group>"; };
		80B8D6F327219A8C00902D93 /* OfflineStorageUITestsLaunchTests.swift */ = {isa = PBXFileReference; lastKnownFileType = sourcecode.swift; path = OfflineStorageUITestsLaunchTests.swift; sourceTree = "<group>"; };
		80B8D70427219B4000902D93 /* ReminderViewController.swift */ = {isa = PBXFileReference; lastKnownFileType = sourcecode.swift; path = ReminderViewController.swift; sourceTree = "<group>"; };
		80B8D70627219B4700902D93 /* AlarmsViewController.swift */ = {isa = PBXFileReference; lastKnownFileType = sourcecode.swift; path = AlarmsViewController.swift; sourceTree = "<group>"; };
		80B8D70827219B4E00902D93 /* EventsViewController.swift */ = {isa = PBXFileReference; lastKnownFileType = sourcecode.swift; path = EventsViewController.swift; sourceTree = "<group>"; };
		80B8D7142721A3D300902D93 /* AlarmTableViewCell.swift */ = {isa = PBXFileReference; lastKnownFileType = sourcecode.swift; path = AlarmTableViewCell.swift; sourceTree = "<group>"; };
		80B8D7152721A3D300902D93 /* AlarmTableViewCell.xib */ = {isa = PBXFileReference; lastKnownFileType = file.xib; path = AlarmTableViewCell.xib; sourceTree = "<group>"; };
		80B8D71A2721AEDB00902D93 /* AddButton.swift */ = {isa = PBXFileReference; lastKnownFileType = sourcecode.swift; path = AddButton.swift; sourceTree = "<group>"; };
		80B8D71C2721B3B500902D93 /* AddAlarmViewController.swift */ = {isa = PBXFileReference; lastKnownFileType = sourcecode.swift; path = AddAlarmViewController.swift; sourceTree = "<group>"; };
		80B8D71F2721B71E00902D93 /* ReminderTableViewCell.swift */ = {isa = PBXFileReference; lastKnownFileType = sourcecode.swift; path = ReminderTableViewCell.swift; sourceTree = "<group>"; };
		80B8D7202721B71E00902D93 /* ReminderTableViewCell.xib */ = {isa = PBXFileReference; lastKnownFileType = file.xib; path = ReminderTableViewCell.xib; sourceTree = "<group>"; };
		80B8D7242721BC7100902D93 /* AppEnums.swift */ = {isa = PBXFileReference; lastKnownFileType = sourcecode.swift; path = AppEnums.swift; sourceTree = "<group>"; };
		80B8D7272721D80A00902D93 /* EventsTableViewCell.swift */ = {isa = PBXFileReference; lastKnownFileType = sourcecode.swift; path = EventsTableViewCell.swift; sourceTree = "<group>"; };
		80B8D7282721D80A00902D93 /* EventsTableViewCell.xib */ = {isa = PBXFileReference; lastKnownFileType = file.xib; path = EventsTableViewCell.xib; sourceTree = "<group>"; };
/* End PBXFileReference section */

/* Begin PBXFrameworksBuildPhase section */
		80B8D6C727219A8B00902D93 /* Frameworks */ = {
			isa = PBXFrameworksBuildPhase;
			buildActionMask = 2147483647;
			files = (
			);
			runOnlyForDeploymentPostprocessing = 0;
		};
		80B8D6E027219A8C00902D93 /* Frameworks */ = {
			isa = PBXFrameworksBuildPhase;
			buildActionMask = 2147483647;
			files = (
			);
			runOnlyForDeploymentPostprocessing = 0;
		};
		80B8D6EA27219A8C00902D93 /* Frameworks */ = {
			isa = PBXFrameworksBuildPhase;
			buildActionMask = 2147483647;
			files = (
			);
			runOnlyForDeploymentPostprocessing = 0;
		};
/* End PBXFrameworksBuildPhase section */

/* Begin PBXGroup section */
		800FE8BA2722E5E800A73E42 /* View Model */ = {
			isa = PBXGroup;
			children = (
				800FE8BB2722E5F700A73E42 /* AlarmViewModel.swift */,
			);
			path = "View Model";
			sourceTree = "<group>";
		};
		800FE8BD2722F2ED00A73E42 /* Common */ = {
			isa = PBXGroup;
			children = (
				80B8D71C2721B3B500902D93 /* AddAlarmViewController.swift */,
			);
			path = Common;
			sourceTree = "<group>";
		};
		800FE8BE2722F34700A73E42 /* View Model */ = {
			isa = PBXGroup;
			children = (
				800FE8BF2722F35800A73E42 /* RemindersViewModel.swift */,
			);
			path = "View Model";
			sourceTree = "<group>";
		};
		80B8D6C127219A8B00902D93 = {
			isa = PBXGroup;
			children = (
				800FE8AE2722D36B00A73E42 /* Alarms+CoreDataClass.swift */,
				800FE8AF2722D36B00A73E42 /* Alarms+CoreDataProperties.swift */,
				800FE8B02722D36B00A73E42 /* Events+CoreDataClass.swift */,
				800FE8B12722D36B00A73E42 /* Events+CoreDataProperties.swift */,
				800FE8B22722D36B00A73E42 /* Reminders+CoreDataClass.swift */,
				800FE8B32722D36B00A73E42 /* Reminders+CoreDataProperties.swift */,
				80B8D6CC27219A8B00902D93 /* OfflineStorage */,
				80B8D6E627219A8C00902D93 /* OfflineStorageTests */,
				80B8D6F027219A8C00902D93 /* OfflineStorageUITests */,
				80B8D6CB27219A8B00902D93 /* Products */,
			);
			sourceTree = "<group>";
		};
		80B8D6CB27219A8B00902D93 /* Products */ = {
			isa = PBXGroup;
			children = (
				80B8D6CA27219A8B00902D93 /* OfflineStorage.app */,
				80B8D6E327219A8C00902D93 /* OfflineStorageTests.xctest */,
				80B8D6ED27219A8C00902D93 /* OfflineStorageUITests.xctest */,
			);
			name = Products;
			sourceTree = "<group>";
		};
		80B8D6CC27219A8B00902D93 /* OfflineStorage */ = {
			isa = PBXGroup;
			children = (
				80B8D7182721AEC800902D93 /* Helper */,
				80B8D70027219AF500902D93 /* Modules */,
				80B8D6CD27219A8B00902D93 /* AppDelegate.swift */,
				80B8D6CF27219A8B00902D93 /* SceneDelegate.swift */,
				80B8D6D327219A8B00902D93 /* Main.storyboard */,
				80B8D6D927219A8C00902D93 /* Assets.xcassets */,
				80B8D6DB27219A8C00902D93 /* LaunchScreen.storyboard */,
				80B8D6DE27219A8C00902D93 /* Info.plist */,
				80B8D6D627219A8B00902D93 /* OfflineStorage.xcdatamodeld */,
			);
			path = OfflineStorage;
			sourceTree = "<group>";
		};
		80B8D6E627219A8C00902D93 /* OfflineStorageTests */ = {
			isa = PBXGroup;
			children = (
				80B8D6E727219A8C00902D93 /* OfflineStorageTests.swift */,
			);
			path = OfflineStorageTests;
			sourceTree = "<group>";
		};
		80B8D6F027219A8C00902D93 /* OfflineStorageUITests */ = {
			isa = PBXGroup;
			children = (
				80B8D6F127219A8C00902D93 /* OfflineStorageUITests.swift */,
				80B8D6F327219A8C00902D93 /* OfflineStorageUITestsLaunchTests.swift */,
			);
			path = OfflineStorageUITests;
			sourceTree = "<group>";
		};
		80B8D70027219AF500902D93 /* Modules */ = {
			isa = PBXGroup;
			children = (
				800FE8BD2722F2ED00A73E42 /* Common */,
				80B8D70227219B1200902D93 /* Events */,
				80B8D70127219B0B00902D93 /* Reminders */,
				80B8D70327219B1900902D93 /* Alarms */,
			);
			path = Modules;
			sourceTree = "<group>";
		};
		80B8D70127219B0B00902D93 /* Reminders */ = {
			isa = PBXGroup;
			children = (
				800FE8BE2722F34700A73E42 /* View Model */,
				80B8D70C27219B8300902D93 /* Views */,
			);
			path = Reminders;
			sourceTree = "<group>";
		};
		80B8D70227219B1200902D93 /* Events */ = {
			isa = PBXGroup;
			children = (
				80B8D70B27219B7F00902D93 /* Views */,
			);
			path = Events;
			sourceTree = "<group>";
		};
		80B8D70327219B1900902D93 /* Alarms */ = {
			isa = PBXGroup;
			children = (
				800FE8BA2722E5E800A73E42 /* View Model */,
				80B8D70D27219B8B00902D93 /* Views */,
			);
			path = Alarms;
			sourceTree = "<group>";
		};
		80B8D70B27219B7F00902D93 /* Views */ = {
			isa = PBXGroup;
			children = (
				80B8D7262721D7F400902D93 /* TableViewCells */,
				80B8D70827219B4E00902D93 /* EventsViewController.swift */,
			);
			path = Views;
			sourceTree = "<group>";
		};
		80B8D70C27219B8300902D93 /* Views */ = {
			isa = PBXGroup;
			children = (
				80B8D71E2721B6F400902D93 /* TableViewCells */,
				80B8D70427219B4000902D93 /* ReminderViewController.swift */,
			);
			path = Views;
			sourceTree = "<group>";
		};
		80B8D70D27219B8B00902D93 /* Views */ = {
			isa = PBXGroup;
			children = (
				80B8D7132721A3C200902D93 /* TableViewCells */,
				80B8D70627219B4700902D93 /* AlarmsViewController.swift */,
			);
			path = Views;
			sourceTree = "<group>";
		};
		80B8D7132721A3C200902D93 /* TableViewCells */ = {
			isa = PBXGroup;
			children = (
				80B8D7142721A3D300902D93 /* AlarmTableViewCell.swift */,
				80B8D7152721A3D300902D93 /* AlarmTableViewCell.xib */,
			);
			path = TableViewCells;
			sourceTree = "<group>";
		};
		80B8D7182721AEC800902D93 /* Helper */ = {
			isa = PBXGroup;
			children = (
				80B8D7232721BC6300902D93 /* Enums */,
				80B8D7192721AECE00902D93 /* Custom Views */,
			);
			path = Helper;
			sourceTree = "<group>";
		};
		80B8D7192721AECE00902D93 /* Custom Views */ = {
			isa = PBXGroup;
			children = (
				80B8D71A2721AEDB00902D93 /* AddButton.swift */,
			);
			path = "Custom Views";
			sourceTree = "<group>";
		};
		80B8D71E2721B6F400902D93 /* TableViewCells */ = {
			isa = PBXGroup;
			children = (
				80B8D71F2721B71E00902D93 /* ReminderTableViewCell.swift */,
				80B8D7202721B71E00902D93 /* ReminderTableViewCell.xib */,
			);
			path = TableViewCells;
			sourceTree = "<group>";
		};
		80B8D7232721BC6300902D93 /* Enums */ = {
			isa = PBXGroup;
			children = (
				80B8D7242721BC7100902D93 /* AppEnums.swift */,
			);
			path = Enums;
			sourceTree = "<group>";
		};
		80B8D7262721D7F400902D93 /* TableViewCells */ = {
			isa = PBXGroup;
			children = (
				80B8D7272721D80A00902D93 /* EventsTableViewCell.swift */,
				80B8D7282721D80A00902D93 /* EventsTableViewCell.xib */,
			);
			path = TableViewCells;
			sourceTree = "<group>";
		};
/* End PBXGroup section */

/* Begin PBXNativeTarget section */
		80B8D6C927219A8B00902D93 /* OfflineStorage */ = {
			isa = PBXNativeTarget;
			buildConfigurationList = 80B8D6F727219A8C00902D93 /* Build configuration list for PBXNativeTarget "OfflineStorage" */;
			buildPhases = (
				80B8D6C627219A8B00902D93 /* Sources */,
				80B8D6C727219A8B00902D93 /* Frameworks */,
				80B8D6C827219A8B00902D93 /* Resources */,
			);
			buildRules = (
			);
			dependencies = (
			);
			name = OfflineStorage;
			productName = OfflineStorage;
			productReference = 80B8D6CA27219A8B00902D93 /* OfflineStorage.app */;
			productType = "com.apple.product-type.application";
		};
		80B8D6E227219A8C00902D93 /* OfflineStorageTests */ = {
			isa = PBXNativeTarget;
			buildConfigurationList = 80B8D6FA27219A8C00902D93 /* Build configuration list for PBXNativeTarget "OfflineStorageTests" */;
			buildPhases = (
				80B8D6DF27219A8C00902D93 /* Sources */,
				80B8D6E027219A8C00902D93 /* Frameworks */,
				80B8D6E127219A8C00902D93 /* Resources */,
			);
			buildRules = (
			);
			dependencies = (
				80B8D6E527219A8C00902D93 /* PBXTargetDependency */,
			);
			name = OfflineStorageTests;
			productName = OfflineStorageTests;
			productReference = 80B8D6E327219A8C00902D93 /* OfflineStorageTests.xctest */;
			productType = "com.apple.product-type.bundle.unit-test";
		};
		80B8D6EC27219A8C00902D93 /* OfflineStorageUITests */ = {
			isa = PBXNativeTarget;
			buildConfigurationList = 80B8D6FD27219A8C00902D93 /* Build configuration list for PBXNativeTarget "OfflineStorageUITests" */;
			buildPhases = (
				80B8D6E927219A8C00902D93 /* Sources */,
				80B8D6EA27219A8C00902D93 /* Frameworks */,
				80B8D6EB27219A8C00902D93 /* Resources */,
			);
			buildRules = (
			);
			dependencies = (
				80B8D6EF27219A8C00902D93 /* PBXTargetDependency */,
			);
			name = OfflineStorageUITests;
			productName = OfflineStorageUITests;
			productReference = 80B8D6ED27219A8C00902D93 /* OfflineStorageUITests.xctest */;
			productType = "com.apple.product-type.bundle.ui-testing";
		};
/* End PBXNativeTarget section */

/* Begin PBXProject section */
		80B8D6C227219A8B00902D93 /* Project object */ = {
			isa = PBXProject;
			attributes = {
				BuildIndependentTargetsInParallel = 1;
				LastSwiftUpdateCheck = 1300;
				LastUpgradeCheck = 1300;
				TargetAttributes = {
					80B8D6C927219A8B00902D93 = {
						CreatedOnToolsVersion = 13.0;
					};
					80B8D6E227219A8C00902D93 = {
						CreatedOnToolsVersion = 13.0;
						TestTargetID = 80B8D6C927219A8B00902D93;
					};
					80B8D6EC27219A8C00902D93 = {
						CreatedOnToolsVersion = 13.0;
						TestTargetID = 80B8D6C927219A8B00902D93;
					};
				};
			};
			buildConfigurationList = 80B8D6C527219A8B00902D93 /* Build configuration list for PBXProject "OfflineStorage" */;
			compatibilityVersion = "Xcode 13.0";
			developmentRegion = en;
			hasScannedForEncodings = 0;
			knownRegions = (
				en,
				Base,
			);
			mainGroup = 80B8D6C127219A8B00902D93;
			productRefGroup = 80B8D6CB27219A8B00902D93 /* Products */;
			projectDirPath = "";
			projectRoot = "";
			targets = (
				80B8D6C927219A8B00902D93 /* OfflineStorage */,
				80B8D6E227219A8C00902D93 /* OfflineStorageTests */,
				80B8D6EC27219A8C00902D93 /* OfflineStorageUITests */,
			);
		};
/* End PBXProject section */

/* Begin PBXResourcesBuildPhase section */
		80B8D6C827219A8B00902D93 /* Resources */ = {
			isa = PBXResourcesBuildPhase;
			buildActionMask = 2147483647;
			files = (
				80B8D6DD27219A8C00902D93 /* LaunchScreen.storyboard in Resources */,
				80B8D6DA27219A8C00902D93 /* Assets.xcassets in Resources */,
				80B8D72A2721D80A00902D93 /* EventsTableViewCell.xib in Resources */,
				80B8D6D527219A8B00902D93 /* Main.storyboard in Resources */,
				80B8D7172721A3D300902D93 /* AlarmTableViewCell.xib in Resources */,
				80B8D7222721B71E00902D93 /* ReminderTableViewCell.xib in Resources */,
			);
			runOnlyForDeploymentPostprocessing = 0;
		};
		80B8D6E127219A8C00902D93 /* Resources */ = {
			isa = PBXResourcesBuildPhase;
			buildActionMask = 2147483647;
			files = (
			);
			runOnlyForDeploymentPostprocessing = 0;
		};
		80B8D6EB27219A8C00902D93 /* Resources */ = {
			isa = PBXResourcesBuildPhase;
			buildActionMask = 2147483647;
			files = (
			);
			runOnlyForDeploymentPostprocessing = 0;
		};
/* End PBXResourcesBuildPhase section */

/* Begin PBXSourcesBuildPhase section */
		80B8D6C627219A8B00902D93 /* Sources */ = {
			isa = PBXSourcesBuildPhase;
			buildActionMask = 2147483647;
			files = (
				80B8D70727219B4700902D93 /* AlarmsViewController.swift in Sources */,
				800FE8B82722D36B00A73E42 /* Reminders+CoreDataClass.swift in Sources */,
				80B8D6CE27219A8B00902D93 /* AppDelegate.swift in Sources */,
				80B8D70527219B4000902D93 /* ReminderViewController.swift in Sources */,
				800FE8C02722F35800A73E42 /* RemindersViewModel.swift in Sources */,
				800FE8B52722D36B00A73E42 /* Alarms+CoreDataProperties.swift in Sources */,
				80B8D71D2721B3B500902D93 /* AddAlarmViewController.swift in Sources */,
				800FE8BC2722E5F700A73E42 /* AlarmViewModel.swift in Sources */,
				80B8D7292721D80A00902D93 /* EventsTableViewCell.swift in Sources */,
				800FE8B62722D36B00A73E42 /* Events+CoreDataClass.swift in Sources */,
				80B8D70927219B4E00902D93 /* EventsViewController.swift in Sources */,
				80B8D6D027219A8B00902D93 /* SceneDelegate.swift in Sources */,
				80B8D7162721A3D300902D93 /* AlarmTableViewCell.swift in Sources */,
				800FE8B72722D36B00A73E42 /* Events+CoreDataProperties.swift in Sources */,
				80B8D6D827219A8B00902D93 /* OfflineStorage.xcdatamodeld in Sources */,
				80B8D71B2721AEDB00902D93 /* AddButton.swift in Sources */,
				80B8D7252721BC7100902D93 /* AppEnums.swift in Sources */,
				800FE8B42722D36B00A73E42 /* Alarms+CoreDataClass.swift in Sources */,
				80B8D7212721B71E00902D93 /* ReminderTableViewCell.swift in Sources */,
				800FE8B92722D36B00A73E42 /* Reminders+CoreDataProperties.swift in Sources */,
			);
			runOnlyForDeploymentPostprocessing = 0;
		};
		80B8D6DF27219A8C00902D93 /* Sources */ = {
			isa = PBXSourcesBuildPhase;
			buildActionMask = 2147483647;
			files = (
				80B8D6E827219A8C00902D93 /* OfflineStorageTests.swift in Sources */,
			);
			runOnlyForDeploymentPostprocessing = 0;
		};
		80B8D6E927219A8C00902D93 /* Sources */ = {
			isa = PBXSourcesBuildPhase;
			buildActionMask = 2147483647;
			files = (
				80B8D6F427219A8C00902D93 /* OfflineStorageUITestsLaunchTests.swift in Sources */,
				80B8D6F227219A8C00902D93 /* OfflineStorageUITests.swift in Sources */,
			);
			runOnlyForDeploymentPostprocessing = 0;
		};
/* End PBXSourcesBuildPhase section */

/* Begin PBXTargetDependency section */
		80B8D6E527219A8C00902D93 /* PBXTargetDependency */ = {
			isa = PBXTargetDependency;
			target = 80B8D6C927219A8B00902D93 /* OfflineStorage */;
			targetProxy = 80B8D6E427219A8C00902D93 /* PBXContainerItemProxy */;
		};
		80B8D6EF27219A8C00902D93 /* PBXTargetDependency */ = {
			isa = PBXTargetDependency;
			target = 80B8D6C927219A8B00902D93 /* OfflineStorage */;
			targetProxy = 80B8D6EE27219A8C00902D93 /* PBXContainerItemProxy */;
		};
/* End PBXTargetDependency section */

/* Begin PBXVariantGroup section */
		80B8D6D327219A8B00902D93 /* Main.storyboard */ = {
			isa = PBXVariantGroup;
			children = (
				80B8D6D427219A8B00902D93 /* Base */,
			);
			name = Main.storyboard;
			sourceTree = "<group>";
		};
		80B8D6DB27219A8C00902D93 /* LaunchScreen.storyboard */ = {
			isa = PBXVariantGroup;
			children = (
				80B8D6DC27219A8C00902D93 /* Base */,
			);
			name = LaunchScreen.storyboard;
			sourceTree = "<group>";
		};
/* End PBXVariantGroup section */

/* Begin XCBuildConfiguration section */
		80B8D6F527219A8C00902D93 /* Debug */ = {
			isa = XCBuildConfiguration;
			buildSettings = {
				ALWAYS_SEARCH_USER_PATHS = NO;
				CLANG_ANALYZER_NONNULL = YES;
				CLANG_ANALYZER_NUMBER_OBJECT_CONVERSION = YES_AGGRESSIVE;
				CLANG_CXX_LANGUAGE_STANDARD = "gnu++17";
				CLANG_CXX_LIBRARY = "libc++";
				CLANG_ENABLE_MODULES = YES;
				CLANG_ENABLE_OBJC_ARC = YES;
				CLANG_ENABLE_OBJC_WEAK = YES;
				CLANG_WARN_BLOCK_CAPTURE_AUTORELEASING = YES;
				CLANG_WARN_BOOL_CONVERSION = YES;
				CLANG_WARN_COMMA = YES;
				CLANG_WARN_CONSTANT_CONVERSION = YES;
				CLANG_WARN_DEPRECATED_OBJC_IMPLEMENTATIONS = YES;
				CLANG_WARN_DIRECT_OBJC_ISA_USAGE = YES_ERROR;
				CLANG_WARN_DOCUMENTATION_COMMENTS = YES;
				CLANG_WARN_EMPTY_BODY = YES;
				CLANG_WARN_ENUM_CONVERSION = YES;
				CLANG_WARN_INFINITE_RECURSION = YES;
				CLANG_WARN_INT_CONVERSION = YES;
				CLANG_WARN_NON_LITERAL_NULL_CONVERSION = YES;
				CLANG_WARN_OBJC_IMPLICIT_RETAIN_SELF = YES;
				CLANG_WARN_OBJC_LITERAL_CONVERSION = YES;
				CLANG_WARN_OBJC_ROOT_CLASS = YES_ERROR;
				CLANG_WARN_QUOTED_INCLUDE_IN_FRAMEWORK_HEADER = YES;
				CLANG_WARN_RANGE_LOOP_ANALYSIS = YES;
				CLANG_WARN_STRICT_PROTOTYPES = YES;
				CLANG_WARN_SUSPICIOUS_MOVE = YES;
				CLANG_WARN_UNGUARDED_AVAILABILITY = YES_AGGRESSIVE;
				CLANG_WARN_UNREACHABLE_CODE = YES;
				CLANG_WARN__DUPLICATE_METHOD_MATCH = YES;
				COPY_PHASE_STRIP = NO;
				DEBUG_INFORMATION_FORMAT = dwarf;
				ENABLE_STRICT_OBJC_MSGSEND = YES;
				ENABLE_TESTABILITY = YES;
				GCC_C_LANGUAGE_STANDARD = gnu11;
				GCC_DYNAMIC_NO_PIC = NO;
				GCC_NO_COMMON_BLOCKS = YES;
				GCC_OPTIMIZATION_LEVEL = 0;
				GCC_PREPROCESSOR_DEFINITIONS = (
					"DEBUG=1",
					"$(inherited)",
				);
				GCC_WARN_64_TO_32_BIT_CONVERSION = YES;
				GCC_WARN_ABOUT_RETURN_TYPE = YES_ERROR;
				GCC_WARN_UNDECLARED_SELECTOR = YES;
				GCC_WARN_UNINITIALIZED_AUTOS = YES_AGGRESSIVE;
				GCC_WARN_UNUSED_FUNCTION = YES;
				GCC_WARN_UNUSED_VARIABLE = YES;
				IPHONEOS_DEPLOYMENT_TARGET = 15.0;
				MTL_ENABLE_DEBUG_INFO = INCLUDE_SOURCE;
				MTL_FAST_MATH = YES;
				ONLY_ACTIVE_ARCH = YES;
				SDKROOT = iphoneos;
				SWIFT_ACTIVE_COMPILATION_CONDITIONS = DEBUG;
				SWIFT_OPTIMIZATION_LEVEL = "-Onone";
			};
			name = Debug;
		};
		80B8D6F627219A8C00902D93 /* Release */ = {
			isa = XCBuildConfiguration;
			buildSettings = {
				ALWAYS_SEARCH_USER_PATHS = NO;
				CLANG_ANALYZER_NONNULL = YES;
				CLANG_ANALYZER_NUMBER_OBJECT_CONVERSION = YES_AGGRESSIVE;
				CLANG_CXX_LANGUAGE_STANDARD = "gnu++17";
				CLANG_CXX_LIBRARY = "libc++";
				CLANG_ENABLE_MODULES = YES;
				CLANG_ENABLE_OBJC_ARC = YES;
				CLANG_ENABLE_OBJC_WEAK = YES;
				CLANG_WARN_BLOCK_CAPTURE_AUTORELEASING = YES;
				CLANG_WARN_BOOL_CONVERSION = YES;
				CLANG_WARN_COMMA = YES;
				CLANG_WARN_CONSTANT_CONVERSION = YES;
				CLANG_WARN_DEPRECATED_OBJC_IMPLEMENTATIONS = YES;
				CLANG_WARN_DIRECT_OBJC_ISA_USAGE = YES_ERROR;
				CLANG_WARN_DOCUMENTATION_COMMENTS = YES;
				CLANG_WARN_EMPTY_BODY = YES;
				CLANG_WARN_ENUM_CONVERSION = YES;
				CLANG_WARN_INFINITE_RECURSION = YES;
				CLANG_WARN_INT_CONVERSION = YES;
				CLANG_WARN_NON_LITERAL_NULL_CONVERSION = YES;
				CLANG_WARN_OBJC_IMPLICIT_RETAIN_SELF = YES;
				CLANG_WARN_OBJC_LITERAL_CONVERSION = YES;
				CLANG_WARN_OBJC_ROOT_CLASS = YES_ERROR;
				CLANG_WARN_QUOTED_INCLUDE_IN_FRAMEWORK_HEADER = YES;
				CLANG_WARN_RANGE_LOOP_ANALYSIS = YES;
				CLANG_WARN_STRICT_PROTOTYPES = YES;
				CLANG_WARN_SUSPICIOUS_MOVE = YES;
				CLANG_WARN_UNGUARDED_AVAILABILITY = YES_AGGRESSIVE;
				CLANG_WARN_UNREACHABLE_CODE = YES;
				CLANG_WARN__DUPLICATE_METHOD_MATCH = YES;
				COPY_PHASE_STRIP = NO;
				DEBUG_INFORMATION_FORMAT = "dwarf-with-dsym";
				ENABLE_NS_ASSERTIONS = NO;
				ENABLE_STRICT_OBJC_MSGSEND = YES;
				GCC_C_LANGUAGE_STANDARD = gnu11;
				GCC_NO_COMMON_BLOCKS = YES;
				GCC_WARN_64_TO_32_BIT_CONVERSION = YES;
				GCC_WARN_ABOUT_RETURN_TYPE = YES_ERROR;
				GCC_WARN_UNDECLARED_SELECTOR = YES;
				GCC_WARN_UNINITIALIZED_AUTOS = YES_AGGRESSIVE;
				GCC_WARN_UNUSED_FUNCTION = YES;
				GCC_WARN_UNUSED_VARIABLE = YES;
				IPHONEOS_DEPLOYMENT_TARGET = 15.0;
				MTL_ENABLE_DEBUG_INFO = NO;
				MTL_FAST_MATH = YES;
				SDKROOT = iphoneos;
				SWIFT_COMPILATION_MODE = wholemodule;
				SWIFT_OPTIMIZATION_LEVEL = "-O";
				VALIDATE_PRODUCT = YES;
			};
			name = Release;
		};
		80B8D6F827219A8C00902D93 /* Debug */ = {
			isa = XCBuildConfiguration;
			buildSettings = {
				ASSETCATALOG_COMPILER_APPICON_NAME = AppIcon;
				ASSETCATALOG_COMPILER_GLOBAL_ACCENT_COLOR_NAME = AccentColor;
				CODE_SIGN_STYLE = Automatic;
				CURRENT_PROJECT_VERSION = 1;
				GENERATE_INFOPLIST_FILE = YES;
				INFOPLIST_FILE = OfflineStorage/Info.plist;
				INFOPLIST_KEY_UIApplicationSupportsIndirectInputEvents = YES;
				INFOPLIST_KEY_UILaunchStoryboardName = LaunchScreen;
				INFOPLIST_KEY_UIMainStoryboardFile = Main;
				INFOPLIST_KEY_UISupportedInterfaceOrientations_iPad = "UIInterfaceOrientationPortrait UIInterfaceOrientationPortraitUpsideDown UIInterfaceOrientationLandscapeLeft UIInterfaceOrientationLandscapeRight";
				INFOPLIST_KEY_UISupportedInterfaceOrientations_iPhone = "UIInterfaceOrientationPortrait UIInterfaceOrientationLandscapeLeft UIInterfaceOrientationLandscapeRight";
				LD_RUNPATH_SEARCH_PATHS = (
					"$(inherited)",
					"@executable_path/Frameworks",
				);
				MARKETING_VERSION = 1.0;
				PRODUCT_BUNDLE_IDENTIFIER = com.unit.OfflineStorage;
				PRODUCT_NAME = "$(TARGET_NAME)";
				SWIFT_EMIT_LOC_STRINGS = YES;
				SWIFT_VERSION = 5.0;
				TARGETED_DEVICE_FAMILY = "1,2";
			};
			name = Debug;
		};
		80B8D6F927219A8C00902D93 /* Release */ = {
			isa = XCBuildConfiguration;
			buildSettings = {
				ASSETCATALOG_COMPILER_APPICON_NAME = AppIcon;
				ASSETCATALOG_COMPILER_GLOBAL_ACCENT_COLOR_NAME = AccentColor;
				CODE_SIGN_STYLE = Automatic;
				CURRENT_PROJECT_VERSION = 1;
				GENERATE_INFOPLIST_FILE = YES;
				INFOPLIST_FILE = OfflineStorage/Info.plist;
				INFOPLIST_KEY_UIApplicationSupportsIndirectInputEvents = YES;
				INFOPLIST_KEY_UILaunchStoryboardName = LaunchScreen;
				INFOPLIST_KEY_UIMainStoryboardFile = Main;
				INFOPLIST_KEY_UISupportedInterfaceOrientations_iPad = "UIInterfaceOrientationPortrait UIInterfaceOrientationPortraitUpsideDown UIInterfaceOrientationLandscapeLeft UIInterfaceOrientationLandscapeRight";
				INFOPLIST_KEY_UISupportedInterfaceOrientations_iPhone = "UIInterfaceOrientationPortrait UIInterfaceOrientationLandscapeLeft UIInterfaceOrientationLandscapeRight";
				LD_RUNPATH_SEARCH_PATHS = (
					"$(inherited)",
					"@executable_path/Frameworks",
				);
				MARKETING_VERSION = 1.0;
				PRODUCT_BUNDLE_IDENTIFIER = com.unit.OfflineStorage;
				PRODUCT_NAME = "$(TARGET_NAME)";
				SWIFT_EMIT_LOC_STRINGS = YES;
				SWIFT_VERSION = 5.0;
				TARGETED_DEVICE_FAMILY = "1,2";
			};
			name = Release;
		};
		80B8D6FB27219A8C00902D93 /* Debug */ = {
			isa = XCBuildConfiguration;
			buildSettings = {
				ALWAYS_EMBED_SWIFT_STANDARD_LIBRARIES = YES;
				BUNDLE_LOADER = "$(TEST_HOST)";
				CODE_SIGN_STYLE = Automatic;
				CURRENT_PROJECT_VERSION = 1;
				GENERATE_INFOPLIST_FILE = YES;
				IPHONEOS_DEPLOYMENT_TARGET = 15.0;
				LD_RUNPATH_SEARCH_PATHS = (
					"$(inherited)",
					"@executable_path/Frameworks",
					"@loader_path/Frameworks",
				);
				MARKETING_VERSION = 1.0;
				PRODUCT_BUNDLE_IDENTIFIER = com.unit.OfflineStorageTests;
				PRODUCT_NAME = "$(TARGET_NAME)";
				SWIFT_EMIT_LOC_STRINGS = NO;
				SWIFT_VERSION = 5.0;
				TARGETED_DEVICE_FAMILY = "1,2";
				TEST_HOST = "$(BUILT_PRODUCTS_DIR)/OfflineStorage.app/OfflineStorage";
			};
			name = Debug;
		};
		80B8D6FC27219A8C00902D93 /* Release */ = {
			isa = XCBuildConfiguration;
			buildSettings = {
				ALWAYS_EMBED_SWIFT_STANDARD_LIBRARIES = YES;
				BUNDLE_LOADER = "$(TEST_HOST)";
				CODE_SIGN_STYLE = Automatic;
				CURRENT_PROJECT_VERSION = 1;
				GENERATE_INFOPLIST_FILE = YES;
				IPHONEOS_DEPLOYMENT_TARGET = 15.0;
				LD_RUNPATH_SEARCH_PATHS = (
					"$(inherited)",
					"@executable_path/Frameworks",
					"@loader_path/Frameworks",
				);
				MARKETING_VERSION = 1.0;
				PRODUCT_BUNDLE_IDENTIFIER = com.unit.OfflineStorageTests;
				PRODUCT_NAME = "$(TARGET_NAME)";
				SWIFT_EMIT_LOC_STRINGS = NO;
				SWIFT_VERSION = 5.0;
				TARGETED_DEVICE_FAMILY = "1,2";
				TEST_HOST = "$(BUILT_PRODUCTS_DIR)/OfflineStorage.app/OfflineStorage";
			};
			name = Release;
		};
		80B8D6FE27219A8C00902D93 /* Debug */ = {
			isa = XCBuildConfiguration;
			buildSettings = {
				ALWAYS_EMBED_SWIFT_STANDARD_LIBRARIES = YES;
				CODE_SIGN_STYLE = Automatic;
				CURRENT_PROJECT_VERSION = 1;
				GENERATE_INFOPLIST_FILE = YES;
				LD_RUNPATH_SEARCH_PATHS = (
					"$(inherited)",
					"@executable_path/Frameworks",
					"@loader_path/Frameworks",
				);
				MARKETING_VERSION = 1.0;
				PRODUCT_BUNDLE_IDENTIFIER = com.unit.OfflineStorageUITests;
				PRODUCT_NAME = "$(TARGET_NAME)";
				SWIFT_EMIT_LOC_STRINGS = NO;
				SWIFT_VERSION = 5.0;
				TARGETED_DEVICE_FAMILY = "1,2";
				TEST_TARGET_NAME = OfflineStorage;
			};
			name = Debug;
		};
		80B8D6FF27219A8C00902D93 /* Release */ = {
			isa = XCBuildConfiguration;
			buildSettings = {
				ALWAYS_EMBED_SWIFT_STANDARD_LIBRARIES = YES;
				CODE_SIGN_STYLE = Automatic;
				CURRENT_PROJECT_VERSION = 1;
				GENERATE_INFOPLIST_FILE = YES;
				LD_RUNPATH_SEARCH_PATHS = (
					"$(inherited)",
					"@executable_path/Frameworks",
					"@loader_path/Frameworks",
				);
				MARKETING_VERSION = 1.0;
				PRODUCT_BUNDLE_IDENTIFIER = com.unit.OfflineStorageUITests;
				PRODUCT_NAME = "$(TARGET_NAME)";
				SWIFT_EMIT_LOC_STRINGS = NO;
				SWIFT_VERSION = 5.0;
				TARGETED_DEVICE_FAMILY = "1,2";
				TEST_TARGET_NAME = OfflineStorage;
			};
			name = Release;
		};
/* End XCBuildConfiguration section */

/* Begin XCConfigurationList section */
		80B8D6C527219A8B00902D93 /* Build configuration list for PBXProject "OfflineStorage" */ = {
			isa = XCConfigurationList;
			buildConfigurations = (
				80B8D6F527219A8C00902D93 /* Debug */,
				80B8D6F627219A8C00902D93 /* Release */,
			);
			defaultConfigurationIsVisible = 0;
			defaultConfigurationName = Release;
		};
		80B8D6F727219A8C00902D93 /* Build configuration list for PBXNativeTarget "OfflineStorage" */ = {
			isa = XCConfigurationList;
			buildConfigurations = (
				80B8D6F827219A8C00902D93 /* Debug */,
				80B8D6F927219A8C00902D93 /* Release */,
			);
			defaultConfigurationIsVisible = 0;
			defaultConfigurationName = Release;
		};
		80B8D6FA27219A8C00902D93 /* Build configuration list for PBXNativeTarget "OfflineStorageTests" */ = {
			isa = XCConfigurationList;
			buildConfigurations = (
				80B8D6FB27219A8C00902D93 /* Debug */,
				80B8D6FC27219A8C00902D93 /* Release */,
			);
			defaultConfigurationIsVisible = 0;
			defaultConfigurationName = Release;
		};
		80B8D6FD27219A8C00902D93 /* Build configuration list for PBXNativeTarget "OfflineStorageUITests" */ = {
			isa = XCConfigurationList;
			buildConfigurations = (
				80B8D6FE27219A8C00902D93 /* Debug */,
				80B8D6FF27219A8C00902D93 /* Release */,
			);
			defaultConfigurationIsVisible = 0;
			defaultConfigurationName = Release;
		};
/* End XCConfigurationList section */

/* Begin XCVersionGroup section */
		80B8D6D627219A8B00902D93 /* OfflineStorage.xcdatamodeld */ = {
			isa = XCVersionGroup;
			children = (
				80B8D6D727219A8B00902D93 /* OfflineStorage.xcdatamodel */,
			);
			currentVersion = 80B8D6D727219A8B00902D93 /* OfflineStorage.xcdatamodel */;
			path = OfflineStorage.xcdatamodeld;
			sourceTree = "<group>";
			versionGroupType = wrapper.xcdatamodel;
		};
/* End XCVersionGroup section */
	};
	rootObject = 80B8D6C227219A8B00902D93 /* Project object */;
}
